<?xml version="1.0" encoding="utf-8"?>
<Project ToolsVersion="4.0" xmlns="http://schemas.microsoft.com/developer/msbuild/2003">
  <ItemGroup>
    <Filter Include="Source Files">
      <UniqueIdentifier>{4FC737F1-C7A5-4376-A066-2A32D752A2FF}</UniqueIdentifier>
      <Extensions>cpp;c;cc;cxx;c++;cppm;ixx;def;odl;idl;hpj;bat;asm;asmx</Extensions>
    </Filter>
    <Filter Include="Header Files">
      <UniqueIdentifier>{93995380-89BD-4b04-88EB-625FBE52EBFB}</UniqueIdentifier>
      <Extensions>h;hh;hpp;hxx;h++;hm;inl;inc;ipp;xsd</Extensions>
    </Filter>
    <Filter Include="Resource Files">
      <UniqueIdentifier>{67DA6AB6-F800-4c08-8B7A-83BB121AAD01}</UniqueIdentifier>
      <Extensions>rc;ico;cur;bmp;dlg;rc2;rct;bin;rgs;gif;jpg;jpeg;jpe;resx;tiff;tif;png;wav;mfcribbon-ms</Extensions>
    </Filter>
  </ItemGroup>
  <ItemGroup>
    <None Include="xlwInterfaceDef.props" />
    <None Include="packages.config" />
  </ItemGroup>
  <ItemGroup>
    <ClCompile Include="source.cpp">
      <Filter>Source Files</Filter>
    </ClCompile>
    <ClCompile Include="amopt.cpp">
      <Filter>Source Files</Filter>
    </ClCompile>
    <ClCompile Include="barrier.cpp">
      <Filter>Source Files</Filter>
    </ClCompile>
    <ClCompile Include="barriersmile.cpp">
      <Filter>Source Files</Filter>
    </ClCompile>
    <ClCompile Include="ci.cpp">
      <Filter>Source Files</Filter>
    </ClCompile>
    <ClCompile Include="euopt.cpp">
      <Filter>Source Files</Filter>
    </ClCompile>
    <ClCompile Include="fxpricer.cpp">
      <Filter>Source Files</Filter>
    </ClCompile>
    <ClCompile Include="interpolator.cpp">
      <Filter>Source Files</Filter>
    </ClCompile>
    <ClCompile Include="lusolve.cpp">
      <Filter>Source Files</Filter>
    </ClCompile>
    <ClCompile Include="mc.cpp">
      <Filter>Source Files</Filter>
    </ClCompile>
    <ClCompile Include="mcpricer.cpp">
      <Filter>Source Files</Filter>
    </ClCompile>
    <ClCompile Include="normdist.cpp">
      <Filter>Source Files</Filter>
    </ClCompile>
    <ClCompile Include="pricer.cpp">
      <Filter>Source Files</Filter>
    </ClCompile>
    <ClCompile Include="spotbarrier.cpp">
      <Filter>Source Files</Filter>
    </ClCompile>
    <ClCompile Include="spotpricer.cpp">
      <Filter>Source Files</Filter>
    </ClCompile>
    <ClCompile Include="volmodel.cpp">
      <Filter>Source Files</Filter>
    </ClCompile>
    <ClCompile Include="timeseries.cpp">
      <Filter>Source Files</Filter>
    </ClCompile>
  </ItemGroup>
  <ItemGroup>
    <ClInclude Include="cppinterface.h">
      <Filter>Header Files</Filter>
    </ClInclude>
    <ClInclude Include="amopt.h">
      <Filter>Header Files</Filter>
    </ClInclude>
    <ClInclude Include="barrier.h">
      <Filter>Header Files</Filter>
    </ClInclude>
    <ClInclude Include="barriersmile.h">
      <Filter>Header Files</Filter>
    </ClInclude>
    <ClInclude Include="ci.h">
      <Filter>Header Files</Filter>
    </ClInclude>
    <ClInclude Include="euopt.h">
      <Filter>Header Files</Filter>
    </ClInclude>
    <ClInclude Include="fxpricer.h">
      <Filter>Header Files</Filter>
    </ClInclude>
    <ClInclude Include="interpolator.h">
      <Filter>Header Files</Filter>
    </ClInclude>
    <ClInclude Include="lusolve.h">
      <Filter>Header Files</Filter>
    </ClInclude>
    <ClInclude Include="math_utils.h">
      <Filter>Header Files</Filter>
    </ClInclude>
    <ClInclude Include="mc.h">
      <Filter>Header Files</Filter>
    </ClInclude>
    <ClInclude Include="mcpricer.h">
      <Filter>Header Files</Filter>
    </ClInclude>
    <ClInclude Include="normdist.h">
      <Filter>Header Files</Filter>
    </ClInclude>
    <ClInclude Include="pricer.h">
      <Filter>Header Files</Filter>
    </ClInclude>
    <ClInclude Include="spotbarrier.h">
      <Filter>Header Files</Filter>
    </ClInclude>
    <ClInclude Include="spotpricer.h">
      <Filter>Header Files</Filter>
    </ClInclude>
    <ClInclude Include="volmodel.h">
      <Filter>Header Files</Filter>
    </ClInclude>
    <ClInclude Include="timeseries.h">
      <Filter>Header Files</Filter>
    </ClInclude>
  </ItemGroup>
</Project>