<?xml version="1.0" encoding="utf-8"?>
<Project ToolsVersion="4.0" xmlns="http://schemas.microsoft.com/developer/msbuild/2003">
  <ItemGroup>
    <Filter Include="Source Files">
      <UniqueIdentifier>{4FC737F1-C7A5-4376-A066-2A32D752A2FF}</UniqueIdentifier>
      <Extensions>cpp;c;cc;cxx;c++;cppm;ixx;def;odl;idl;hpj;bat;asm;asmx</Extensions>
    </Filter>
    <Filter Include="Header Files">
      <UniqueIdentifier>{93995380-89BD-4b04-88EB-625FBE52EBFB}</UniqueIdentifier>
      <Extensions>h;hh;hpp;hxx;h++;hm;inl;inc;ipp;xsd</Extensions>
    </Filter>
    <Filter Include="Resource Files">
      <UniqueIdentifier>{67DA6AB6-F800-4c08-8B7A-83BB121AAD01}</UniqueIdentifier>
      <Extensions>rc;ico;cur;bmp;dlg;rc2;rct;bin;rgs;gif;jpg;jpeg;jpe;resx;tiff;tif;png;wav;mfcribbon-ms</Extensions>
    </Filter>
  </ItemGroup>
  <ItemGroup>
    <ClInclude Include="framework.h">
      <Filter>Header Files</Filter>
    </ClInclude>
    <ClInclude Include="pch.h">
      <Filter>Header Files</Filter>
    </ClInclude>
    <ClInclude Include="cloptpricer.h">
      <Filter>Header Files</Filter>
    </ClInclude>
    <ClInclude Include="..\CLOptPricer\amopt.h">
      <Filter>Header Files</Filter>
    </ClInclude>
    <ClInclude Include="..\CLOptPricer\barrier.h">
      <Filter>Header Files</Filter>
    </ClInclude>
    <ClInclude Include="..\CLOptPricer\barriersmile.h">
      <Filter>Header Files</Filter>
    </ClInclude>
    <ClInclude Include="..\CLOptPricer\ci.h">
      <Filter>Header Files</Filter>
    </ClInclude>
    <ClInclude Include="..\CLOptPricer\euopt.h">
      <Filter>Header Files</Filter>
    </ClInclude>
    <ClInclude Include="..\CLOptPricer\fxpricer.h">
      <Filter>Header Files</Filter>
    </ClInclude>
    <ClInclude Include="..\CLOptPricer\interpolator.h">
      <Filter>Header Files</Filter>
    </ClInclude>
    <ClInclude Include="..\CLOptPricer\lusolve.h">
      <Filter>Header Files</Filter>
    </ClInclude>
    <ClInclude Include="..\CLOptPricer\math_utils.h">
      <Filter>Header Files</Filter>
    </ClInclude>
    <ClInclude Include="..\CLOptPricer\mc.h">
      <Filter>Header Files</Filter>
    </ClInclude>
    <ClInclude Include="..\CLOptPricer\mcpricer.h">
      <Filter>Header Files</Filter>
    </ClInclude>
    <ClInclude Include="..\CLOptPricer\normdist.h">
      <Filter>Header Files</Filter>
    </ClInclude>
    <ClInclude Include="..\CLOptPricer\pricer.h">
      <Filter>Header Files</Filter>
    </ClInclude>
    <ClInclude Include="..\CLOptPricer\spotbarrier.h">
      <Filter>Header Files</Filter>
    </ClInclude>
    <ClInclude Include="..\CLOptPricer\spotpricer.h">
      <Filter>Header Files</Filter>
    </ClInclude>
    <ClInclude Include="..\CLOptPricer\timeseries.h">
      <Filter>Header Files</Filter>
    </ClInclude>
    <ClInclude Include="..\CLOptPricer\volmodel.h">
      <Filter>Header Files</Filter>
    </ClInclude>
  </ItemGroup>
  <ItemGroup>
    <ClCompile Include="dllmain.cpp">
      <Filter>Source Files</Filter>
    </ClCompile>
    <ClCompile Include="pch.cpp">
      <Filter>Source Files</Filter>
    </ClCompile>
    <ClCompile Include="cloptpricer.cpp">
      <Filter>Source Files</Filter>
    </ClCompile>
    <ClCompile Include="..\CLOptPricer\amopt.cpp">
      <Filter>Source Files</Filter>
    </ClCompile>
    <ClCompile Include="..\CLOptPricer\barrier.cpp">
      <Filter>Source Files</Filter>
    </ClCompile>
    <ClCompile Include="..\CLOptPricer\barriersmile.cpp">
      <Filter>Source Files</Filter>
    </ClCompile>
    <ClCompile Include="..\CLOptPricer\ci.cpp">
      <Filter>Source Files</Filter>
    </ClCompile>
    <ClCompile Include="..\CLOptPricer\euopt.cpp">
      <Filter>Source Files</Filter>
    </ClCompile>
    <ClCompile Include="..\CLOptPricer\fxpricer.cpp">
      <Filter>Source Files</Filter>
    </ClCompile>
    <ClCompile Include="..\CLOptPricer\interpolator.cpp">
      <Filter>Source Files</Filter>
    </ClCompile>
    <ClCompile Include="..\CLOptPricer\lusolve.cpp">
      <Filter>Source Files</Filter>
    </ClCompile>
    <ClCompile Include="..\CLOptPricer\mc.cpp">
      <Filter>Source Files</Filter>
    </ClCompile>
    <ClCompile Include="..\CLOptPricer\mcpricer.cpp">
      <Filter>Source Files</Filter>
    </ClCompile>
    <ClCompile Include="..\CLOptPricer\normdist.cpp">
      <Filter>Source Files</Filter>
    </ClCompile>
    <ClCompile Include="..\CLOptPricer\pricer.cpp">
      <Filter>Source Files</Filter>
    </ClCompile>
    <ClCompile Include="..\CLOptPricer\spotbarrier.cpp">
      <Filter>Source Files</Filter>
    </ClCompile>
    <ClCompile Include="..\CLOptPricer\spotpricer.cpp">
      <Filter>Source Files</Filter>
    </ClCompile>
    <ClCompile Include="..\CLOptPricer\timeseries.cpp">
      <Filter>Source Files</Filter>
    </ClCompile>
    <ClCompile Include="..\CLOptPricer\volmodel.cpp">
      <Filter>Source Files</Filter>
    </ClCompile>
  </ItemGroup>
</Project>